
Microsoft Visual Studio Solution File, Format Version 12.00
# Visual Studio Version 16
VisualStudioVersion = 16.0.29123.88
MinimumVisualStudioVersion = 10.0.40219.1
Project("{FAE04EC0-301F-11D3-BF4B-00C04F79EFBC}") = "CDavisAboutMe.UWP", "CDavisAboutMe\CDavisAboutMe.UWP\CDavisAboutMe.UWP.csproj", "{14878967-A23A-42EF-9C1A-EE7DF513A145}"
EndProject
Project("{FAE04EC0-301F-11D3-BF4B-00C04F79EFBC}") = "CDavisAboutMe.Android", "CDavisAboutMe\CDavisAboutMe.Android\CDavisAboutMe.Android.csproj", "{E8A68C94-5C03-4B0E-8BC2-F4F6AF985BEB}"
EndProject
Project("{FAE04EC0-301F-11D3-BF4B-00C04F79EFBC}") = "CDavisAboutMe.iOS", "CDavisAboutMe\CDavisAboutMe.iOS\CDavisAboutMe.iOS.csproj", "{E20B58A1-CFCB-434E-A307-0BE1BF7EB461}"
EndProject
Project("{FAE04EC0-301F-11D3-BF4B-00C04F79EFBC}") = "CDavisAboutMe", "CDavisAboutMe\CDavisAboutMe\CDavisAboutMe.csproj", "{25ECABA7-FEA5-4AA2-AF17-93B44FB4CDF8}"
EndProject
Global
	GlobalSection(SolutionConfigurationPlatforms) = preSolution
		Debug|Any CPU = Debug|Any CPU
		Debug|ARM = Debug|ARM
		Debug|iPhone = Debug|iPhone
		Debug|iPhoneSimulator = Debug|iPhoneSimulator
		Debug|x64 = Debug|x64
		Debug|x86 = Debug|x86
		Release|Any CPU = Release|Any CPU
		Release|ARM = Release|ARM
		Release|iPhone = Release|iPhone
		Release|iPhoneSimulator = Release|iPhoneSimulator
		Release|x64 = Release|x64
		Release|x86 = Release|x86
	EndGlobalSection
	GlobalSection(ProjectConfigurationPlatforms) = postSolution
		{14878967-A23A-42EF-9C1A-EE7DF513A145}.Debug|Any CPU.ActiveCfg = Debug|x86
		{14878967-A23A-42EF-9C1A-EE7DF513A145}.Debug|Any CPU.Build.0 = Debug|x86
		{14878967-A23A-42EF-9C1A-EE7DF513A145}.Debug|Any CPU.Deploy.0 = Debug|x86
		{14878967-A23A-42EF-9C1A-EE7DF513A145}.Debug|ARM.ActiveCfg = Debug|ARM
		{14878967-A23A-42EF-9C1A-EE7DF513A145}.Debug|ARM.Build.0 = Debug|ARM
		{14878967-A23A-42EF-9C1A-EE7DF513A145}.Debug|ARM.Deploy.0 = Debug|ARM
		{14878967-A23A-42EF-9C1A-EE7DF513A145}.Debug|iPhone.ActiveCfg = Debug|x86
		{14878967-A23A-42EF-9C1A-EE7DF513A145}.Debug|iPhone.Build.0 = Debug|x86
		{14878967-A23A-42EF-9C1A-EE7DF513A145}.Debug|iPhone.Deploy.0 = Debug|x86
		{14878967-A23A-42EF-9C1A-EE7DF513A145}.Debug|iPhoneSimulator.ActiveCfg = Debug|x86
		{14878967-A23A-42EF-9C1A-EE7DF513A145}.Debug|iPhoneSimulator.Build.0 = Debug|x86
		{14878967-A23A-42EF-9C1A-EE7DF513A145}.Debug|iPhoneSimulator.Deploy.0 = Debug|x86
		{14878967-A23A-42EF-9C1A-EE7DF513A145}.Debug|x64.ActiveCfg = Debug|x64
		{14878967-A23A-42EF-9C1A-EE7DF513A145}.Debug|x64.Build.0 = Debug|x64
		{14878967-A23A-42EF-9C1A-EE7DF513A145}.Debug|x64.Deploy.0 = Debug|x64
		{14878967-A23A-42EF-9C1A-EE7DF513A145}.Debug|x86.ActiveCfg = Debug|x86
		{14878967-A23A-42EF-9C1A-EE7DF513A145}.Debug|x86.Build.0 = Debug|x86
		{14878967-A23A-42EF-9C1A-EE7DF513A145}.Debug|x86.Deploy.0 = Debug|x86
		{14878967-A23A-42EF-9C1A-EE7DF513A145}.Release|Any CPU.ActiveCfg = Release|x86
		{14878967-A23A-42EF-9C1A-EE7DF513A145}.Release|Any CPU.Build.0 = Release|x86
		{14878967-A23A-42EF-9C1A-EE7DF513A145}.Release|Any CPU.Deploy.0 = Release|x86
		{14878967-A23A-42EF-9C1A-EE7DF513A145}.Release|ARM.ActiveCfg = Release|ARM
		{14878967-A23A-42EF-9C1A-EE7DF513A145}.Release|ARM.Build.0 = Release|ARM
		{14878967-A23A-42EF-9C1A-EE7DF513A145}.Release|ARM.Deploy.0 = Release|ARM
		{14878967-A23A-42EF-9C1A-EE7DF513A145}.Release|iPhone.ActiveCfg = Release|x86
		{14878967-A23A-42EF-9C1A-EE7DF513A145}.Release|iPhone.Build.0 = Release|x86
		{14878967-A23A-42EF-9C1A-EE7DF513A145}.Release|iPhone.Deploy.0 = Release|x86
		{14878967-A23A-42EF-9C1A-EE7DF513A145}.Release|iPhoneSimulator.ActiveCfg = Release|x86
		{14878967-A23A-42EF-9C1A-EE7DF513A145}.Release|iPhoneSimulator.Build.0 = Release|x86
		{14878967-A23A-42EF-9C1A-EE7DF513A145}.Release|iPhoneSimulator.Deploy.0 = Release|x86
		{14878967-A23A-42EF-9C1A-EE7DF513A145}.Release|x64.ActiveCfg = Release|x64
		{14878967-A23A-42EF-9C1A-EE7DF513A145}.Release|x64.Build.0 = Release|x64
		{14878967-A23A-42EF-9C1A-EE7DF513A145}.Release|x64.Deploy.0 = Release|x64
		{14878967-A23A-42EF-9C1A-EE7DF513A145}.Release|x86.ActiveCfg = Release|x86
		{14878967-A23A-42EF-9C1A-EE7DF513A145}.Release|x86.Build.0 = Release|x86
		{14878967-A23A-42EF-9C1A-EE7DF513A145}.Release|x86.Deploy.0 = Release|x86
		{E8A68C94-5C03-4B0E-8BC2-F4F6AF985BEB}.Debug|Any CPU.ActiveCfg = Debug|Any CPU
		{E8A68C94-5C03-4B0E-8BC2-F4F6AF985BEB}.Debug|Any CPU.Build.0 = Debug|Any CPU
		{E8A68C94-5C03-4B0E-8BC2-F4F6AF985BEB}.Debug|Any CPU.Deploy.0 = Debug|Any CPU
		{E8A68C94-5C03-4B0E-8BC2-F4F6AF985BEB}.Debug|ARM.ActiveCfg = Debug|Any CPU
		{E8A68C94-5C03-4B0E-8BC2-F4F6AF985BEB}.Debug|ARM.Build.0 = Debug|Any CPU
		{E8A68C94-5C03-4B0E-8BC2-F4F6AF985BEB}.Debug|ARM.Deploy.0 = Debug|Any CPU
		{E8A68C94-5C03-4B0E-8BC2-F4F6AF985BEB}.Debug|iPhone.ActiveCfg = Debug|Any CPU
		{E8A68C94-5C03-4B0E-8BC2-F4F6AF985BEB}.Debug|iPhone.Build.0 = Debug|Any CPU
		{E8A68C94-5C03-4B0E-8BC2-F4F6AF985BEB}.Debug|iPhone.Deploy.0 = Debug|Any CPU
		{E8A68C94-5C03-4B0E-8BC2-F4F6AF985BEB}.Debug|iPhoneSimulator.ActiveCfg = Debug|Any CPU
		{E8A68C94-5C03-4B0E-8BC2-F4F6AF985BEB}.Debug|iPhoneSimulator.Build.0 = Debug|Any CPU
		{E8A68C94-5C03-4B0E-8BC2-F4F6AF985BEB}.Debug|iPhoneSimulator.Deploy.0 = Debug|Any CPU
		{E8A68C94-5C03-4B0E-8BC2-F4F6AF985BEB}.Debug|x64.ActiveCfg = Debug|Any CPU
		{E8A68C94-5C03-4B0E-8BC2-F4F6AF985BEB}.Debug|x64.Build.0 = Debug|Any CPU
		{E8A68C94-5C03-4B0E-8BC2-F4F6AF985BEB}.Debug|x64.Deploy.0 = Debug|Any CPU
		{E8A68C94-5C03-4B0E-8BC2-F4F6AF985BEB}.Debug|x86.ActiveCfg = Debug|Any CPU
		{E8A68C94-5C03-4B0E-8BC2-F4F6AF985BEB}.Debug|x86.Build.0 = Debug|Any CPU
		{E8A68C94-5C03-4B0E-8BC2-F4F6AF985BEB}.Debug|x86.Deploy.0 = Debug|Any CPU
		{E8A68C94-5C03-4B0E-8BC2-F4F6AF985BEB}.Release|Any CPU.ActiveCfg = Release|Any CPU
		{E8A68C94-5C03-4B0E-8BC2-F4F6AF985BEB}.Release|Any CPU.Build.0 = Release|Any CPU
		{E8A68C94-5C03-4B0E-8BC2-F4F6AF985BEB}.Release|Any CPU.Deploy.0 = Release|Any CPU
		{E8A68C94-5C03-4B0E-8BC2-F4F6AF985BEB}.Release|ARM.ActiveCfg = Release|Any CPU
		{E8A68C94-5C03-4B0E-8BC2-F4F6AF985BEB}.Release|ARM.Build.0 = Release|Any CPU
		{E8A68C94-5C03-4B0E-8BC2-F4F6AF985BEB}.Release|ARM.Deploy.0 = Release|Any CPU
		{E8A68C94-5C03-4B0E-8BC2-F4F6AF985BEB}.Release|iPhone.ActiveCfg = Release|Any CPU
		{E8A68C94-5C03-4B0E-8BC2-F4F6AF985BEB}.Release|iPhone.Build.0 = Release|Any CPU
		{E8A68C94-5C03-4B0E-8BC2-F4F6AF985BEB}.Release|iPhone.Deploy.0 = Release|Any CPU
		{E8A68C94-5C03-4B0E-8BC2-F4F6AF985BEB}.Release|iPhoneSimulator.ActiveCfg = Release|Any CPU
		{E8A68C94-5C03-4B0E-8BC2-F4F6AF985BEB}.Release|iPhoneSimulator.Build.0 = Release|Any CPU
		{E8A68C94-5C03-4B0E-8BC2-F4F6AF985BEB}.Release|iPhoneSimulator.Deploy.0 = Release|Any CPU
		{E8A68C94-5C03-4B0E-8BC2-F4F6AF985BEB}.Release|x64.ActiveCfg = Release|Any CPU
		{E8A68C94-5C03-4B0E-8BC2-F4F6AF985BEB}.Release|x64.Build.0 = Release|Any CPU
		{E8A68C94-5C03-4B0E-8BC2-F4F6AF985BEB}.Release|x64.Deploy.0 = Release|Any CPU
		{E8A68C94-5C03-4B0E-8BC2-F4F6AF985BEB}.Release|x86.ActiveCfg = Release|Any CPU
		{E8A68C94-5C03-4B0E-8BC2-F4F6AF985BEB}.Release|x86.Build.0 = Release|Any CPU
		{E8A68C94-5C03-4B0E-8BC2-F4F6AF985BEB}.Release|x86.Deploy.0 = Release|Any CPU
		{E20B58A1-CFCB-434E-A307-0BE1BF7EB461}.Debug|Any CPU.ActiveCfg = Debug|iPhone
		{E20B58A1-CFCB-434E-A307-0BE1BF7EB461}.Debug|Any CPU.Build.0 = Debug|iPhone
		{E20B58A1-CFCB-434E-A307-0BE1BF7EB461}.Debug|Any CPU.Deploy.0 = Debug|iPhone
		{E20B58A1-CFCB-434E-A307-0BE1BF7EB461}.Debug|ARM.ActiveCfg = Debug|iPhoneSimulator
		{E20B58A1-CFCB-434E-A307-0BE1BF7EB461}.Debug|ARM.Build.0 = Debug|iPhoneSimulator
		{E20B58A1-CFCB-434E-A307-0BE1BF7EB461}.Debug|ARM.Deploy.0 = Debug|iPhoneSimulator
		{E20B58A1-CFCB-434E-A307-0BE1BF7EB461}.Debug|iPhone.ActiveCfg = Debug|iPhone
		{E20B58A1-CFCB-434E-A307-0BE1BF7EB461}.Debug|iPhone.Build.0 = Debug|iPhone
		{E20B58A1-CFCB-434E-A307-0BE1BF7EB461}.Debug|iPhone.Deploy.0 = Debug|iPhone
		{E20B58A1-CFCB-434E-A307-0BE1BF7EB461}.Debug|iPhoneSimulator.ActiveCfg = Debug|iPhoneSimulator
		{E20B58A1-CFCB-434E-A307-0BE1BF7EB461}.Debug|iPhoneSimulator.Build.0 = Debug|iPhoneSimulator
		{E20B58A1-CFCB-434E-A307-0BE1BF7EB461}.Debug|iPhoneSimulator.Deploy.0 = Debug|iPhoneSimulator
		{E20B58A1-CFCB-434E-A307-0BE1BF7EB461}.Debug|x64.ActiveCfg = Debug|iPhone
		{E20B58A1-CFCB-434E-A307-0BE1BF7EB461}.Debug|x64.Build.0 = Debug|iPhone
		{E20B58A1-CFCB-434E-A307-0BE1BF7EB461}.Debug|x64.Deploy.0 = Debug|iPhone
		{E20B58A1-CFCB-434E-A307-0BE1BF7EB461}.Debug|x86.ActiveCfg = Debug|iPhone
		{E20B58A1-CFCB-434E-A307-0BE1BF7EB461}.Debug|x86.Build.0 = Debug|iPhone
		{E20B58A1-CFCB-434E-A307-0BE1BF7EB461}.Debug|x86.Deploy.0 = Debug|iPhone
		{E20B58A1-CFCB-434E-A307-0BE1BF7EB461}.Release|Any CPU.ActiveCfg = Release|iPhone
		{E20B58A1-CFCB-434E-A307-0BE1BF7EB461}.Release|Any CPU.Build.0 = Release|iPhone
		{E20B58A1-CFCB-434E-A307-0BE1BF7EB461}.Release|Any CPU.Deploy.0 = Release|iPhone
		{E20B58A1-CFCB-434E-A307-0BE1BF7EB461}.Release|ARM.ActiveCfg = Release|iPhone
		{E20B58A1-CFCB-434E-A307-0BE1BF7EB461}.Release|ARM.Build.0 = Release|iPhone
		{E20B58A1-CFCB-434E-A307-0BE1BF7EB461}.Release|ARM.Deploy.0 = Release|iPhone
		{E20B58A1-CFCB-434E-A307-0BE1BF7EB461}.Release|iPhone.ActiveCfg = Release|iPhone
		{E20B58A1-CFCB-434E-A307-0BE1BF7EB461}.Release|iPhone.Build.0 = Release|iPhone
		{E20B58A1-CFCB-434E-A307-0BE1BF7EB461}.Release|iPhone.Deploy.0 = Release|iPhone
		{E20B58A1-CFCB-434E-A307-0BE1BF7EB461}.Release|iPhoneSimulator.ActiveCfg = Release|iPhoneSimulator
		{E20B58A1-CFCB-434E-A307-0BE1BF7EB461}.Release|iPhoneSimulator.Build.0 = Release|iPhoneSimulator
		{E20B58A1-CFCB-434E-A307-0BE1BF7EB461}.Release|iPhoneSimulator.Deploy.0 = Release|iPhoneSimulator
		{E20B58A1-CFCB-434E-A307-0BE1BF7EB461}.Release|x64.ActiveCfg = Release|iPhone
		{E20B58A1-CFCB-434E-A307-0BE1BF7EB461}.Release|x64.Build.0 = Release|iPhone
		{E20B58A1-CFCB-434E-A307-0BE1BF7EB461}.Release|x64.Deploy.0 = Release|iPhone
		{E20B58A1-CFCB-434E-A307-0BE1BF7EB461}.Release|x86.ActiveCfg = Release|iPhone
		{E20B58A1-CFCB-434E-A307-0BE1BF7EB461}.Release|x86.Build.0 = Release|iPhone
		{E20B58A1-CFCB-434E-A307-0BE1BF7EB461}.Release|x86.Deploy.0 = Release|iPhone
		{25ECABA7-FEA5-4AA2-AF17-93B44FB4CDF8}.Debug|Any CPU.ActiveCfg = Debug|Any CPU
		{25ECABA7-FEA5-4AA2-AF17-93B44FB4CDF8}.Debug|Any CPU.Build.0 = Debug|Any CPU
		{25ECABA7-FEA5-4AA2-AF17-93B44FB4CDF8}.Debug|Any CPU.Deploy.0 = Debug|Any CPU
		{25ECABA7-FEA5-4AA2-AF17-93B44FB4CDF8}.Debug|ARM.ActiveCfg = Debug|Any CPU
		{25ECABA7-FEA5-4AA2-AF17-93B44FB4CDF8}.Debug|ARM.Build.0 = Debug|Any CPU
		{25ECABA7-FEA5-4AA2-AF17-93B44FB4CDF8}.Debug|ARM.Deploy.0 = Debug|Any CPU
		{25ECABA7-FEA5-4AA2-AF17-93B44FB4CDF8}.Debug|iPhone.ActiveCfg = Debug|Any CPU
		{25ECABA7-FEA5-4AA2-AF17-93B44FB4CDF8}.Debug|iPhone.Build.0 = Debug|Any CPU
		{25ECABA7-FEA5-4AA2-AF17-93B44FB4CDF8}.Debug|iPhone.Deploy.0 = Debug|Any CPU
		{25ECABA7-FEA5-4AA2-AF17-93B44FB4CDF8}.Debug|iPhoneSimulator.ActiveCfg = Debug|Any CPU
		{25ECABA7-FEA5-4AA2-AF17-93B44FB4CDF8}.Debug|iPhoneSimulator.Build.0 = Debug|Any CPU
		{25ECABA7-FEA5-4AA2-AF17-93B44FB4CDF8}.Debug|iPhoneSimulator.Deploy.0 = Debug|Any CPU
		{25ECABA7-FEA5-4AA2-AF17-93B44FB4CDF8}.Debug|x64.ActiveCfg = Debug|Any CPU
		{25ECABA7-FEA5-4AA2-AF17-93B44FB4CDF8}.Debug|x64.Build.0 = Debug|Any CPU
		{25ECABA7-FEA5-4AA2-AF17-93B44FB4CDF8}.Debug|x64.Deploy.0 = Debug|Any CPU
		{25ECABA7-FEA5-4AA2-AF17-93B44FB4CDF8}.Debug|x86.ActiveCfg = Debug|Any CPU
		{25ECABA7-FEA5-4AA2-AF17-93B44FB4CDF8}.Debug|x86.Build.0 = Debug|Any CPU
		{25ECABA7-FEA5-4AA2-AF17-93B44FB4CDF8}.Debug|x86.Deploy.0 = Debug|Any CPU
		{25ECABA7-FEA5-4AA2-AF17-93B44FB4CDF8}.Release|Any CPU.ActiveCfg = Release|Any CPU
		{25ECABA7-FEA5-4AA2-AF17-93B44FB4CDF8}.Release|Any CPU.Build.0 = Release|Any CPU
		{25ECABA7-FEA5-4AA2-AF17-93B44FB4CDF8}.Release|Any CPU.Deploy.0 = Release|Any CPU
		{25ECABA7-FEA5-4AA2-AF17-93B44FB4CDF8}.Release|ARM.ActiveCfg = Release|Any CPU
		{25ECABA7-FEA5-4AA2-AF17-93B44FB4CDF8}.Release|ARM.Build.0 = Release|Any CPU
		{25ECABA7-FEA5-4AA2-AF17-93B44FB4CDF8}.Release|ARM.Deploy.0 = Release|Any CPU
		{25ECABA7-FEA5-4AA2-AF17-93B44FB4CDF8}.Release|iPhone.ActiveCfg = Release|Any CPU
		{25ECABA7-FEA5-4AA2-AF17-93B44FB4CDF8}.Release|iPhone.Build.0 = Release|Any CPU
		{25ECABA7-FEA5-4AA2-AF17-93B44FB4CDF8}.Release|iPhone.Deploy.0 = Release|Any CPU
		{25ECABA7-FEA5-4AA2-AF17-93B44FB4CDF8}.Release|iPhoneSimulator.ActiveCfg = Release|Any CPU
		{25ECABA7-FEA5-4AA2-AF17-93B44FB4CDF8}.Release|iPhoneSimulator.Build.0 = Release|Any CPU
		{25ECABA7-FEA5-4AA2-AF17-93B44FB4CDF8}.Release|iPhoneSimulator.Deploy.0 = Release|Any CPU
		{25ECABA7-FEA5-4AA2-AF17-93B44FB4CDF8}.Release|x64.ActiveCfg = Release|Any CPU
		{25ECABA7-FEA5-4AA2-AF17-93B44FB4CDF8}.Release|x64.Build.0 = Release|Any CPU
		{25ECABA7-FEA5-4AA2-AF17-93B44FB4CDF8}.Release|x64.Deploy.0 = Release|Any CPU
		{25ECABA7-FEA5-4AA2-AF17-93B44FB4CDF8}.Release|x86.ActiveCfg = Release|Any CPU
		{25ECABA7-FEA5-4AA2-AF17-93B44FB4CDF8}.Release|x86.Build.0 = Release|Any CPU
		{25ECABA7-FEA5-4AA2-AF17-93B44FB4CDF8}.Release|x86.Deploy.0 = Release|Any CPU
	EndGlobalSection
	GlobalSection(SolutionProperties) = preSolution
		HideSolutionNode = FALSE
	EndGlobalSection
	GlobalSection(ExtensibilityGlobals) = postSolution
		SolutionGuid = {99D5A2D7-BF8D-4D11-A19B-9FF44222A5CA}
	EndGlobalSection
EndGlobal
